
Microsoft Visual Studio Solution File, Format Version 12.00
# Visual Studio Version 17
VisualStudioVersion = 17.9.34714.143
MinimumVisualStudioVersion = 10.0.40219.1
Project("{8BC9CEB8-8B4A-11D0-8D11-00A0C91BC942}") = "Quản lí phí dịch vụ chung cư", "Quản lí phí dịch vụ chung cư.vcxproj", "{9F9C468F-A5FF-4DD0-B479-2180BB1C7A67}"
EndProject
Global
	GlobalSection(SolutionConfigurationPlatforms) = preSolution
		Debug|x64 = Debug|x64
		Debug|x86 = Debug|x86
		Release|x64 = Release|x64
		Release|x86 = Release|x86
	EndGlobalSection
	GlobalSection(ProjectConfigurationPlatforms) = postSolution
		{9F9C468F-A5FF-4DD0-B479-2180BB1C7A67}.Debug|x64.ActiveCfg = Debug|x64
		{9F9C468F-A5FF-4DD0-B479-2180BB1C7A67}.Debug|x64.Build.0 = Debug|x64
		{9F9C468F-A5FF-4DD0-B479-2180BB1C7A67}.Debug|x86.ActiveCfg = Debug|Win32
		{9F9C468F-A5FF-4DD0-B479-2180BB1C7A67}.Debug|x86.Build.0 = Debug|Win32
		{9F9C468F-A5FF-4DD0-B479-2180BB1C7A67}.Release|x64.ActiveCfg = Release|x64
		{9F9C468F-A5FF-4DD0-B479-2180BB1C7A67}.Release|x64.Build.0 = Release|x64
		{9F9C468F-A5FF-4DD0-B479-2180BB1C7A67}.Release|x86.ActiveCfg = Release|Win32
		{9F9C468F-A5FF-4DD0-B479-2180BB1C7A67}.Release|x86.Build.0 = Release|Win32
	EndGlobalSection
	GlobalSection(SolutionProperties) = preSolution
		HideSolutionNode = FALSE
	EndGlobalSection
	GlobalSection(ExtensibilityGlobals) = postSolution
		SolutionGuid = {892F620E-10C0-4712-A20D-D4C0425C72E4}
	EndGlobalSection
EndGlobal
